{
  "name": "ector-command",
  "version": "1.0.1",
  "lockfileVersion": 1,
  "dependencies": {
    "ambi": {
      "version": "2.0.0",
      "resolved": "https://registry.npmjs.org/ambi/-/ambi-2.0.0.tgz",
      "integrity": "sha1-QsK/mOjRAapNooqBJnil2+Nq2mY=",
      "dev": true
    },
    "bal-util": {
      "version": "1.18.0",
      "resolved": "https://registry.npmjs.org/bal-util/-/bal-util-1.18.0.tgz",
      "integrity": "sha1-Ti4tkIFtGmt+NxdAIAQqLOJYQh0=",
      "dev": true
    },
    "balanced-match": {
      "version": "0.4.2",
      "resolved": "https://registry.npmjs.org/balanced-match/-/balanced-match-0.4.2.tgz",
      "integrity": "sha1-yz8+PHMtwPAe5wtAPzAuYddwmDg=",
      "dev": true
    },
    "bl": {
      "version": "0.4.2",
      "resolved": "https://registry.npmjs.org/bl/-/bl-0.4.2.tgz",
      "integrity": "sha1-XbMdcvA4xU5orcOVeBJf47Ct3JY=",
      "dev": true
    },
    "brace-expansion": {
      "version": "1.1.7",
      "resolved": "https://registry.npmjs.org/brace-expansion/-/brace-expansion-1.1.7.tgz",
      "integrity": "sha1-Pv/DxQ4ABTH7cg6v+A8K6O8jz1k=",
      "dev": true
    },
    "cli": {
      "version": "0.4.3",
      "resolved": "https://registry.npmjs.org/cli/-/cli-0.4.3.tgz",
      "integrity": "sha1-5oGcjV+qlX9k+Y9mqFBiaMHR8X0=",
      "dev": true
    },
    "commander": {
      "version": "1.3.2",
      "resolved": "https://registry.npmjs.org/commander/-/commander-1.3.2.tgz",
      "integrity": "sha1-io8w7GcKb91kr1LxkUuQfXnq1bU="
    },
    "concat-map": {
      "version": "0.0.1",
      "resolved": "https://registry.npmjs.org/concat-map/-/concat-map-0.0.1.tgz",
      "integrity": "sha1-2Klr13/Wjfd5OnMDajug1UBdR3s=",
      "dev": true
    },
    "concept-network": {
      "version": "1.2.0",
      "resolved": "https://registry.npmjs.org/concept-network/-/concept-network-1.2.0.tgz",
      "integrity": "sha1-HdqYVKvmlpeBKE1LjesmF0BPPXU="
    },
    "core-util-is": {
      "version": "1.0.2",
      "resolved": "https://registry.npmjs.org/core-util-is/-/core-util-is-1.0.2.tgz",
      "integrity": "sha1-tf1UIgqivFq1eqtxQMlAdUUDwac=",
      "dev": true
    },
    "debug": {
      "version": "2.6.8",
      "resolved": "https://registry.npmjs.org/debug/-/debug-2.6.8.tgz",
      "integrity": "sha1-5zFTHKLt4n0YgiJCfaF4IdaP9Pw="
    },
    "diff": {
      "version": "1.0.2",
      "resolved": "https://registry.npmjs.org/diff/-/diff-1.0.2.tgz",
      "integrity": "sha1-Suc/Gu6Nb89ITxoc53zmUdm38Mk=",
      "dev": true
    },
    "docker": {
      "version": "0.2.14",
      "resolved": "https://registry.npmjs.org/docker/-/docker-0.2.14.tgz",
      "integrity": "sha1-6OlSikZz6rW1pW8C0FiD9nh/ZCY=",
      "dev": true,
      "dependencies": {
        "commander": {
          "version": "0.5.2",
          "resolved": "https://registry.npmjs.org/commander/-/commander-0.5.2.tgz",
          "integrity": "sha1-8nAyZwmhFaEmz+1WI4UkObjko7U=",
          "dev": true
        }
      }
    },
    "eachr": {
      "version": "2.0.4",
      "resolved": "https://registry.npmjs.org/eachr/-/eachr-2.0.4.tgz",
      "integrity": "sha1-Rm98qhBwj2EFCeMsgHqv5X/BIr8=",
      "dev": true
    },
    "ector": {
      "version": "1.0.1",
      "resolved": "https://registry.npmjs.org/ector/-/ector-1.0.1.tgz",
      "integrity": "sha1-jAaiMlnsFYNEbEsx5vYLGAHHCpM=",
      "dependencies": {
        "concept-network": {
          "version": "1.2.0",
          "resolved": "https://registry.npmjs.org/concept-network/-/concept-network-1.2.0.tgz",
          "integrity": "sha1-HdqYVKvmlpeBKE1LjesmF0BPPXU=",
          "dependencies": {
            "debug": {
              "version": "0.7.4",
              "resolved": "https://registry.npmjs.org/debug/-/debug-0.7.4.tgz",
              "integrity": "sha1-BuHqgILCyxTjmAbiLi9vdX+Srzk="
            }
          }
        },
        "debug": {
          "version": "2.6.8",
          "resolved": "https://registry.npmjs.org/debug/-/debug-2.6.8.tgz",
          "integrity": "sha1-5zFTHKLt4n0YgiJCfaF4IdaP9Pw="
        }
      }
    },
    "extendr": {
      "version": "2.0.1",
      "resolved": "https://registry.npmjs.org/extendr/-/extendr-2.0.1.tgz",
      "integrity": "sha1-2Ks3X8u4M+S6LNIoVA8E5KoH3pA=",
      "dev": true
    },
    "file-concept-network": {
      "version": "0.1.2",
      "resolved": "https://registry.npmjs.org/file-concept-network/-/file-concept-network-0.1.2.tgz",
      "integrity": "sha1-0/lK0GcC6qwt4osbW1sBbbvocZY=",
      "dependencies": {
        "sugar": {
          "version": "1.3.9",
          "resolved": "https://registry.npmjs.org/sugar/-/sugar-1.3.9.tgz",
          "integrity": "sha1-+HnGyHchJStR/QtlIEEtmNg8sXk="
        }
      }
    },
    "fs.realpath": {
      "version": "1.0.0",
      "resolved": "https://registry.npmjs.org/fs.realpath/-/fs.realpath-1.0.0.tgz",
      "integrity": "sha1-FQStJSMVjKpA20onh8sBQRmU6k8=",
      "dev": true
    },
    "getsetdeep": {
      "version": "2.0.0",
      "resolved": "https://registry.npmjs.org/getsetdeep/-/getsetdeep-2.0.0.tgz",
      "integrity": "sha1-8TOE/mVtCj9BwhTL3zEAGlfBJJI=",
      "dev": true
    },
    "glob": {
      "version": "7.1.2",
      "resolved": "https://registry.npmjs.org/glob/-/glob-7.1.2.tgz",
      "integrity": "sha512-MJTUg1kjuLeQCJ+ccE4Vpa6kKVXkPYJ2mOCQyUuKLcLQsdrMCpBPUi8qVE6+YuaJkozeA9NusTAw3hLr8Xe5EQ==",
      "dev": true,
      "dependencies": {
        "minimatch": {
          "version": "3.0.4",
          "resolved": "https://registry.npmjs.org/minimatch/-/minimatch-3.0.4.tgz",
          "integrity": "sha512-yJHVQEhyqPLUTgt9B83PXu6W3rx4MvvHvSUvToogpwoGDOUQ+yDrR0HRot+yOCdCO7u4hX3pWft6kWBBcqh0UA==",
          "dev": true
        }
      }
    },
    "growl": {
      "version": "1.6.1",
      "resolved": "https://registry.npmjs.org/growl/-/growl-1.6.1.tgz",
      "integrity": "sha1-xNm7ro+aVyKV2gYrA81z4e8uFLI=",
      "dev": true
    },
    "inflight": {
      "version": "1.0.6",
      "resolved": "https://registry.npmjs.org/inflight/-/inflight-1.0.6.tgz",
      "integrity": "sha1-Sb1jMdfQLQwJvJEKEHW6gWW1bfk=",
      "dev": true
    },
    "inherits": {
      "version": "2.0.3",
      "resolved": "https://registry.npmjs.org/inherits/-/inherits-2.0.3.tgz",
      "integrity": "sha1-Yzwsg+PaQqUC9SRmAiSA9CCCYd4=",
      "dev": true
    },
    "isarray": {
      "version": "0.0.1",
      "resolved": "https://registry.npmjs.org/isarray/-/isarray-0.0.1.tgz",
      "integrity": "sha1-ihis/Kmo9Bd+Cav8YDiTmwXR7t8=",
      "dev": true
    },
    "jade": {
      "version": "0.26.3",
      "resolved": "https://registry.npmjs.org/jade/-/jade-0.26.3.tgz",
      "integrity": "sha1-jxDXl32NefL2/4YqgbBRPMslaGw=",
      "dev": true,
      "dependencies": {
        "commander": {
          "version": "0.6.1",
          "resolved": "https://registry.npmjs.org/commander/-/commander-0.6.1.tgz",
          "integrity": "sha1-+mihT2qUXVTbvlDYzbMyDp47GgY=",
          "dev": true
        },
        "mkdirp": {
          "version": "0.3.0",
          "resolved": "https://registry.npmjs.org/mkdirp/-/mkdirp-0.3.0.tgz",
          "integrity": "sha1-G79asbqCevI1dRQ0kEJkVfSB/h4=",
          "dev": true
        }
      }
    },
    "jshint": {
      "version": "0.9.1",
      "resolved": "https://registry.npmjs.org/jshint/-/jshint-0.9.1.tgz",
      "integrity": "sha1-/zLsfwn4QAH3SY7q/WPJ5Puy3A4=",
      "dev": true
    },
    "keypress": {
      "version": "0.1.0",
      "resolved": "https://registry.npmjs.org/keypress/-/keypress-0.1.0.tgz",
      "integrity": "sha1-SjGI1CkbZrT2XtuZ+AaqmuKTWSo="
    },
    "lru-cache": {
      "version": "1.0.6",
      "resolved": "https://registry.npmjs.org/lru-cache/-/lru-cache-1.0.6.tgz",
      "integrity": "sha1-qlD5cEdCKsclQ72hd6nJ0BjZhFI=",
      "dev": true
    },
    "minimatch": {
      "version": "0.0.5",
      "resolved": "https://registry.npmjs.org/minimatch/-/minimatch-0.0.5.tgz",
      "integrity": "sha1-lrtJC707poNrv6wRGt91MBsVhN4=",
      "dev": true
    },
    "mkdirp": {
      "version": "0.3.2",
      "resolved": "https://registry.npmjs.org/mkdirp/-/mkdirp-0.3.2.tgz",
      "integrity": "sha1-S/uJHpxIuT1rVn8sPPLdP1a83vg=",
      "dev": true
    },
    "mocha": {
      "version": "1.7.4",
      "resolved": "https://registry.npmjs.org/mocha/-/mocha-1.7.4.tgz",
      "integrity": "sha1-WEIOiSO0TcVUggGyHFLrqNT/MM0=",
      "dev": true,
      "dependencies": {
        "commander": {
          "version": "0.6.1",
          "resolved": "https://registry.npmjs.org/commander/-/commander-0.6.1.tgz",
          "integrity": "sha1-+mihT2qUXVTbvlDYzbMyDp47GgY=",
          "dev": true
        },
        "mkdirp": {
          "version": "0.3.3",
          "resolved": "https://registry.npmjs.org/mkdirp/-/mkdirp-0.3.3.tgz",
          "integrity": "sha1-WV4lHBNww6aLqyE20ONIuBBa3xM=",
          "dev": true
        },
        "ms": {
          "version": "0.3.0",
          "resolved": "https://registry.npmjs.org/ms/-/ms-0.3.0.tgz",
          "integrity": "sha1-A+3DSNYT5mpWSGz9rFO8vomcvWE=",
          "dev": true
        }
      }
    },
    "ms": {
      "version": "2.0.0",
      "resolved": "https://registry.npmjs.org/ms/-/ms-2.0.0.tgz",
      "integrity": "sha1-VgiurfwAvmwpAd9fmGF4jeDVl8g="
    },
    "object-keys": {
      "version": "0.4.0",
      "resolved": "https://registry.npmjs.org/object-keys/-/object-keys-0.4.0.tgz",
      "integrity": "sha1-KKaq50KN0sOpLz2V8hM13SBOAzY=",
      "dev": true
    },
    "once": {
      "version": "1.4.0",
      "resolved": "https://registry.npmjs.org/once/-/once-1.4.0.tgz",
      "integrity": "sha1-WDsap3WWHUsROsF9nFC6753Xa9E=",
      "dev": true
    },
    "path-is-absolute": {
      "version": "1.0.1",
      "resolved": "https://registry.npmjs.org/path-is-absolute/-/path-is-absolute-1.0.1.tgz",
      "integrity": "sha1-F0uSaHNVNP+8es5r9TpanhtcX18=",
      "dev": true
    },
    "pygmentize-bundled": {
      "version": "2.1.1",
      "resolved": "https://registry.npmjs.org/pygmentize-bundled/-/pygmentize-bundled-2.1.1.tgz",
      "integrity": "sha1-Ygz8iMMMVYM5Z062fAnAavUBQVg=",
      "dev": true,
      "dependencies": {
        "mkdirp": {
          "version": "0.3.5",
          "resolved": "https://registry.npmjs.org/mkdirp/-/mkdirp-0.3.5.tgz",
          "integrity": "sha1-3j5fiWHIjHh+4TaN+EmsRBPsqNc=",
          "dev": true
        }
      }
    },
    "random-weighted-choice": {
      "version": "0.1.3",
      "resolved": "https://registry.npmjs.org/random-weighted-choice/-/random-weighted-choice-0.1.3.tgz",
      "integrity": "sha1-rnGm/444VD7gcoYwDcUb9j+jsC8=",
      "dependencies": {
        "debug": {
          "version": "2.6.8",
          "resolved": "https://registry.npmjs.org/debug/-/debug-2.6.8.tgz",
          "integrity": "sha1-5zFTHKLt4n0YgiJCfaF4IdaP9Pw="
        }
      }
    },
    "readable-stream": {
      "version": "1.0.34",
      "resolved": "https://registry.npmjs.org/readable-stream/-/readable-stream-1.0.34.tgz",
      "integrity": "sha1-Elgg40vIQtLyqq+v5MKRbuMsFXw=",
      "dev": true
    },
    "safecallback": {
      "version": "1.0.1",
      "resolved": "https://registry.npmjs.org/safecallback/-/safecallback-1.0.1.tgz",
      "integrity": "sha1-B8fxK0qNmr8bj83bp4UusLi27UE=",
      "dev": true
    },
    "safefs": {
      "version": "2.0.3",
      "resolved": "https://registry.npmjs.org/safefs/-/safefs-2.0.3.tgz",
      "integrity": "sha1-LbKy3kxBYdbbpmCf7gXsqwYsTeU=",
      "dev": true
    },
    "sentence-tokenizer": {
      "version": "0.0.8",
      "resolved": "https://registry.npmjs.org/sentence-tokenizer/-/sentence-tokenizer-0.0.8.tgz",
      "integrity": "sha1-brXUSqvFi/V5oqKFSd3xxVPBx+g=",
      "dependencies": {
        "sugar": {
          "version": "1.3.9",
          "resolved": "https://registry.npmjs.org/sugar/-/sugar-1.3.9.tgz",
          "integrity": "sha1-+HnGyHchJStR/QtlIEEtmNg8sXk="
        }
      }
    },
    "string_decoder": {
      "version": "0.10.31",
      "resolved": "https://registry.npmjs.org/string_decoder/-/string_decoder-0.10.31.tgz",
      "integrity": "sha1-YuIDvEF2bGwoyfyEMB2rHFMQ+pQ=",
      "dev": true
    },
    "sugar": {
      "version": "1.5.0",
      "resolved": "https://registry.npmjs.org/sugar/-/sugar-1.5.0.tgz",
      "integrity": "sha1-2dP7oQ96iH4G5q37B4onrLH8BVY="
    },
    "taskgroup": {
      "version": "2.0.0",
      "resolved": "https://registry.npmjs.org/taskgroup/-/taskgroup-2.0.0.tgz",
      "integrity": "sha1-GElEpCtWhKrXURiaUmPAMPYXREY=",
      "dev": true
    },
    "through2": {
      "version": "0.2.3",
      "resolved": "https://registry.npmjs.org/through2/-/through2-0.2.3.tgz",
      "integrity": "sha1-6zKE2k6jEbbMis42U3SKUqvyWj8=",
      "dev": true,
      "dependencies": {
        "readable-stream": {
          "version": "1.1.14",
          "resolved": "https://registry.npmjs.org/readable-stream/-/readable-stream-1.1.14.tgz",
          "integrity": "sha1-fPTFTvZI44EwhMY23SB54WbAgdk=",
          "dev": true
        }
      }
    },
    "typechecker": {
      "version": "2.0.8",
      "resolved": "https://registry.npmjs.org/typechecker/-/typechecker-2.0.8.tgz",
      "integrity": "sha1-6D2oS7ZMWEzLNFg4V2xAsDN9uC4=",
      "dev": true
    },
    "watchr": {
      "version": "2.3.10",
      "resolved": "https://registry.npmjs.org/watchr/-/watchr-2.3.10.tgz",
      "integrity": "sha1-L+CvU3BxyuandtRSM1b486Iwt84=",
      "dev": true
    },
    "wrappy": {
      "version": "1.0.2",
      "resolved": "https://registry.npmjs.org/wrappy/-/wrappy-1.0.2.tgz",
      "integrity": "sha1-tSQ9jz7BqjXxNkYFvA0QNuMKtp8=",
      "dev": true
    },
    "xtend": {
      "version": "2.1.2",
      "resolved": "https://registry.npmjs.org/xtend/-/xtend-2.1.2.tgz",
      "integrity": "sha1-bv7MKk2tjmlixJAbM3znuoe10os=",
      "dev": true
    }
  }
}
